// !$*UTF8*$!
{
	archiveVersion = 1;
	classes = {
	};
	objectVersion = 46;
	objects = {

/* Begin PBXBuildFile section */
		B035B2D11BE2B76100DDD0E3 /* AppDelegate.swift in Sources */ = {isa = PBXBuildFile; fileRef = B035B2D01BE2B76100DDD0E3 /* AppDelegate.swift */; };
		B035B2D31BE2B76100DDD0E3 /* ViewController.swift in Sources */ = {isa = PBXBuildFile; fileRef = B035B2D21BE2B76100DDD0E3 /* ViewController.swift */; };
		B035B2D61BE2B76100DDD0E3 /* Main.storyboard in Resources */ = {isa = PBXBuildFile; fileRef = B035B2D41BE2B76100DDD0E3 /* Main.storyboard */; };
		B035B2D81BE2B76100DDD0E3 /* Assets.xcassets in Resources */ = {isa = PBXBuildFile; fileRef = B035B2D71BE2B76100DDD0E3 /* Assets.xcassets */; };
		B035B2DB1BE2B76100DDD0E3 /* LaunchScreen.storyboard in Resources */ = {isa = PBXBuildFile; fileRef = B035B2D91BE2B76100DDD0E3 /* LaunchScreen.storyboard */; };
		B035B2E61BE2B76100DDD0E3 /* MemeMe_v1_0Tests.swift in Sources */ = {isa = PBXBuildFile; fileRef = B035B2E51BE2B76100DDD0E3 /* MemeMe_v1_0Tests.swift */; };
/* End PBXBuildFile section */

/* Begin PBXContainerItemProxy section */
		B035B2E21BE2B76100DDD0E3 /* PBXContainerItemProxy */ = {
			isa = PBXContainerItemProxy;
			containerPortal = B035B2C51BE2B76100DDD0E3 /* Project object */;
			proxyType = 1;
			remoteGlobalIDString = B035B2CC1BE2B76100DDD0E3;
			remoteInfo = "MemeMe v1.0";
		};
/* End PBXContainerItemProxy section */

/* Begin PBXFileReference section */
		B035B2CD1BE2B76100DDD0E3 /* MemeMe v1.0.app */ = {isa = PBXFileReference; explicitFileType = wrapper.application; includeInIndex = 0; path = "MemeMe v1.0.app"; sourceTree = BUILT_PRODUCTS_DIR; };
		B035B2D01BE2B76100DDD0E3 /* AppDelegate.swift */ = {isa = PBXFileReference; lastKnownFileType = sourcecode.swift; path = AppDelegate.swift; sourceTree = "<group>"; };
		B035B2D21BE2B76100DDD0E3 /* ViewController.swift */ = {isa = PBXFileReference; lastKnownFileType = sourcecode.swift; path = ViewController.swift; sourceTree = "<group>"; };
		B035B2D51BE2B76100DDD0E3 /* Base */ = {isa = PBXFileReference; lastKnownFileType = file.storyboard; name = Base; path = Base.lproj/Main.storyboard; sourceTree = "<group>"; };
		B035B2D71BE2B76100DDD0E3 /* Assets.xcassets */ = {isa = PBXFileReference; lastKnownFileType = folder.assetcatalog; path = Assets.xcassets; sourceTree = "<group>"; };
		B035B2DA1BE2B76100DDD0E3 /* Base */ = {isa = PBXFileReference; lastKnownFileType = file.storyboard; name = Base; path = Base.lproj/LaunchScreen.storyboard; sourceTree = "<group>"; };
		B035B2DC1BE2B76100DDD0E3 /* Info.plist */ = {isa = PBXFileReference; lastKnownFileType = text.plist.xml; path = Info.plist; sourceTree = "<group>"; };
		B035B2E11BE2B76100DDD0E3 /* MemeMe v1.0Tests.xctest */ = {isa = PBXFileReference; explicitFileType = wrapper.cfbundle; includeInIndex = 0; path = "MemeMe v1.0Tests.xctest"; sourceTree = BUILT_PRODUCTS_DIR; };
		B035B2E51BE2B76100DDD0E3 /* MemeMe_v1_0Tests.swift */ = {isa = PBXFileReference; lastKnownFileType = sourcecode.swift; path = MemeMe_v1_0Tests.swift; sourceTree = "<group>"; };
		B035B2E71BE2B76100DDD0E3 /* Info.plist */ = {isa = PBXFileReference; lastKnownFileType = text.plist.xml; path = Info.plist; sourceTree = "<group>"; };
/* End PBXFileReference section */

/* Begin PBXFrameworksBuildPhase section */
		B035B2CA1BE2B76100DDD0E3 /* Frameworks */ = {
			isa = PBXFrameworksBuildPhase;
			buildActionMask = 2147483647;
			files = (
			);
			runOnlyForDeploymentPostprocessing = 0;
		};
		B035B2DE1BE2B76100DDD0E3 /* Frameworks */ = {
			isa = PBXFrameworksBuildPhase;
			buildActionMask = 2147483647;
			files = (
			);
			runOnlyForDeploymentPostprocessing = 0;
		};
/* End PBXFrameworksBuildPhase section */

/* Begin PBXGroup section */
		B035B2C41BE2B76100DDD0E3 = {
			isa = PBXGroup;
			children = (
				B035B2CF1BE2B76100DDD0E3 /* MemeMe v1.0 */,
				B035B2E41BE2B76100DDD0E3 /* MemeMe v1.0Tests */,
				B035B2CE1BE2B76100DDD0E3 /* Products */,
			);
			sourceTree = "<group>";
		};
		B035B2CE1BE2B76100DDD0E3 /* Products */ = {
			isa = PBXGroup;
			children = (
				B035B2CD1BE2B76100DDD0E3 /* MemeMe v1.0.app */,
				B035B2E11BE2B76100DDD0E3 /* MemeMe v1.0Tests.xctest */,
			);
			name = Products;
			sourceTree = "<group>";
		};
		B035B2CF1BE2B76100DDD0E3 /* MemeMe v1.0 */ = {
			isa = PBXGroup;
			children = (
				B035B2D01BE2B76100DDD0E3 /* AppDelegate.swift */,
				B035B2D21BE2B76100DDD0E3 /* ViewController.swift */,
				B035B2D41BE2B76100DDD0E3 /* Main.storyboard */,
				B035B2D71BE2B76100DDD0E3 /* Assets.xcassets */,
				B035B2D91BE2B76100DDD0E3 /* LaunchScreen.storyboard */,
				B035B2DC1BE2B76100DDD0E3 /* Info.plist */,
			);
			path = "MemeMe v1.0";
			sourceTree = "<group>";
		};
		B035B2E41BE2B76100DDD0E3 /* MemeMe v1.0Tests */ = {
			isa = PBXGroup;
			children = (
				B035B2E51BE2B76100DDD0E3 /* MemeMe_v1_0Tests.swift */,
				B035B2E71BE2B76100DDD0E3 /* Info.plist */,
			);
			path = "MemeMe v1.0Tests";
			sourceTree = "<group>";
		};
/* End PBXGroup section */

/* Begin PBXNativeTarget section */
		B035B2CC1BE2B76100DDD0E3 /* MemeMe v1.0 */ = {
			isa = PBXNativeTarget;
			buildConfigurationList = B035B2EA1BE2B76100DDD0E3 /* Build configuration list for PBXNativeTarget "MemeMe v1.0" */;
			buildPhases = (
				B035B2C91BE2B76100DDD0E3 /* Sources */,
				B035B2CA1BE2B76100DDD0E3 /* Frameworks */,
				B035B2CB1BE2B76100DDD0E3 /* Resources */,
			);
			buildRules = (
			);
			dependencies = (
			);
			name = "MemeMe v1.0";
			productName = "MemeMe v1.0";
			productReference = B035B2CD1BE2B76100DDD0E3 /* MemeMe v1.0.app */;
			productType = "com.apple.product-type.application";
		};
		B035B2E01BE2B76100DDD0E3 /* MemeMe v1.0Tests */ = {
			isa = PBXNativeTarget;
			buildConfigurationList = B035B2ED1BE2B76100DDD0E3 /* Build configuration list for PBXNativeTarget "MemeMe v1.0Tests" */;
			buildPhases = (
				B035B2DD1BE2B76100DDD0E3 /* Sources */,
				B035B2DE1BE2B76100DDD0E3 /* Frameworks */,
				B035B2DF1BE2B76100DDD0E3 /* Resources */,
			);
			buildRules = (
			);
			dependencies = (
				B035B2E31BE2B76100DDD0E3 /* PBXTargetDependency */,
			);
			name = "MemeMe v1.0Tests";
			productName = "MemeMe v1.0Tests";
			productReference = B035B2E11BE2B76100DDD0E3 /* MemeMe v1.0Tests.xctest */;
			productType = "com.apple.product-type.bundle.unit-test";
		};
/* End PBXNativeTarget section */

/* Begin PBXProject section */
		B035B2C51BE2B76100DDD0E3 /* Project object */ = {
			isa = PBXProject;
			attributes = {
				LastSwiftUpdateCheck = 0710;
				LastUpgradeCheck = 0710;
				ORGANIZATIONNAME = "Blake Ivy";
				TargetAttributes = {
					B035B2CC1BE2B76100DDD0E3 = {
						CreatedOnToolsVersion = 7.1;
					};
					B035B2E01BE2B76100DDD0E3 = {
						CreatedOnToolsVersion = 7.1;
						TestTargetID = B035B2CC1BE2B76100DDD0E3;
					};
				};
			};
			buildConfigurationList = B035B2C81BE2B76100DDD0E3 /* Build configuration list for PBXProject "MemeMe v1.0" */;
			compatibilityVersion = "Xcode 3.2";
			developmentRegion = English;
			hasScannedForEncodings = 0;
			knownRegions = (
				en,
				Base,
			);
			mainGroup = B035B2C41BE2B76100DDD0E3;
			productRefGroup = B035B2CE1BE2B76100DDD0E3 /* Products */;
			projectDirPath = "";
			projectRoot = "";
			targets = (
				B035B2CC1BE2B76100DDD0E3 /* MemeMe v1.0 */,
				B035B2E01BE2B76100DDD0E3 /* MemeMe v1.0Tests */,
			);
		};
/* End PBXProject section */

/* Begin PBXResourcesBuildPhase section */
		B035B2CB1BE2B76100DDD0E3 /* Resources */ = {
			isa = PBXResourcesBuildPhase;
			buildActionMask = 2147483647;
			files = (
				B035B2DB1BE2B76100DDD0E3 /* LaunchScreen.storyboard in Resources */,
				B035B2D81BE2B76100DDD0E3 /* Assets.xcassets in Resources */,
				B035B2D61BE2B76100DDD0E3 /* Main.storyboard in Resources */,
			);
			runOnlyForDeploymentPostprocessing = 0;
		};
		B035B2DF1BE2B76100DDD0E3 /* Resources */ = {
			isa = PBXResourcesBuildPhase;
			buildActionMask = 2147483647;
			files = (
			);
			runOnlyForDeploymentPostprocessing = 0;
		};
/* End PBXResourcesBuildPhase section */

/* Begin PBXSourcesBuildPhase section */
		B035B2C91BE2B76100DDD0E3 /* Sources */ = {
			isa = PBXSourcesBuildPhase;
			buildActionMask = 2147483647;
			files = (
				B035B2D31BE2B76100DDD0E3 /* ViewController.swift in Sources */,
				B035B2D11BE2B76100DDD0E3 /* AppDelegate.swift in Sources */,
			);
			runOnlyForDeploymentPostprocessing = 0;
		};
		B035B2DD1BE2B76100DDD0E3 /* Sources */ = {
			isa = PBXSourcesBuildPhase;
			buildActionMask = 2147483647;
			files = (
				B035B2E61BE2B76100DDD0E3 /* MemeMe_v1_0Tests.swift in Sources */,
			);
			runOnlyForDeploymentPostprocessing = 0;
		};
/* End PBXSourcesBuildPhase section */

/* Begin PBXTargetDependency section */
		B035B2E31BE2B76100DDD0E3 /* PBXTargetDependency */ = {
			isa = PBXTargetDependency;
			target = B035B2CC1BE2B76100DDD0E3 /* MemeMe v1.0 */;
			targetProxy = B035B2E21BE2B76100DDD0E3 /* PBXContainerItemProxy */;
		};
/* End PBXTargetDependency section */

/* Begin PBXVariantGroup section */
		B035B2D41BE2B76100DDD0E3 /* Main.storyboard */ = {
			isa = PBXVariantGroup;
			children = (
				B035B2D51BE2B76100DDD0E3 /* Base */,
			);
			name = Main.storyboard;
			sourceTree = "<group>";
		};
		B035B2D91BE2B76100DDD0E3 /* LaunchScreen.storyboard */ = {
			isa = PBXVariantGroup;
			children = (
				B035B2DA1BE2B76100DDD0E3 /* Base */,
			);
			name = LaunchScreen.storyboard;
			sourceTree = "<group>";
		};
/* End PBXVariantGroup section */

/* Begin XCBuildConfiguration section */
		B035B2E81BE2B76100DDD0E3 /* Debug */ = {
			isa = XCBuildConfiguration;
			buildSettings = {
				ALWAYS_SEARCH_USER_PATHS = NO;
				CLANG_CXX_LANGUAGE_STANDARD = "gnu++0x";
				CLANG_CXX_LIBRARY = "libc++";
				CLANG_ENABLE_MODULES = YES;
				CLANG_ENABLE_OBJC_ARC = YES;
				CLANG_WARN_BOOL_CONVERSION = YES;
				CLANG_WARN_CONSTANT_CONVERSION = YES;
				CLANG_WARN_DIRECT_OBJC_ISA_USAGE = YES_ERROR;
				CLANG_WARN_EMPTY_BODY = YES;
				CLANG_WARN_ENUM_CONVERSION = YES;
				CLANG_WARN_INT_CONVERSION = YES;
				CLANG_WARN_OBJC_ROOT_CLASS = YES_ERROR;
				CLANG_WARN_UNREACHABLE_CODE = YES;
				CLANG_WARN__DUPLICATE_METHOD_MATCH = YES;
				"CODE_SIGN_IDENTITY[sdk=iphoneos*]" = "iPhone Developer";
				COPY_PHASE_STRIP = NO;
				DEBUG_INFORMATION_FORMAT = dwarf;
				ENABLE_STRICT_OBJC_MSGSEND = YES;
				ENABLE_TESTABILITY = YES;
				GCC_C_LANGUAGE_STANDARD = gnu99;
				GCC_DYNAMIC_NO_PIC = NO;
				GCC_NO_COMMON_BLOCKS = YES;
				GCC_OPTIMIZATION_LEVEL = 0;
				GCC_PREPROCESSOR_DEFINITIONS = (
					"DEBUG=1",
					"$(inherited)",
				);
				GCC_WARN_64_TO_32_BIT_CONVERSION = YES;
				GCC_WARN_ABOUT_RETURN_TYPE = YES_ERROR;
				GCC_WARN_UNDECLARED_SELECTOR = YES;
				GCC_WARN_UNINITIALIZED_AUTOS = YES_AGGRESSIVE;
				GCC_WARN_UNUSED_FUNCTION = YES;
				GCC_WARN_UNUSED_VARIABLE = YES;
				IPHONEOS_DEPLOYMENT_TARGET = 9.1;
				MTL_ENABLE_DEBUG_INFO = YES;
				ONLY_ACTIVE_ARCH = YES;
				SDKROOT = iphoneos;
				SWIFT_OPTIMIZATION_LEVEL = "-Onone";
			};
			name = Debug;
		};
		B035B2E91BE2B76100DDD0E3 /* Release */ = {
			isa = XCBuildConfiguration;
			buildSettings = {
				ALWAYS_SEARCH_USER_PATHS = NO;
				CLANG_CXX_LANGUAGE_STANDARD = "gnu++0x";
				CLANG_CXX_LIBRARY = "libc++";
				CLANG_ENABLE_MODULES = YES;
				CLANG_ENABLE_OBJC_ARC = YES;
				CLANG_WARN_BOOL_CONVERSION = YES;
				CLANG_WARN_CONSTANT_CONVERSION = YES;
				CLANG_WARN_DIRECT_OBJC_ISA_USAGE = YES_ERROR;
				CLANG_WARN_EMPTY_BODY = YES;
				CLANG_WARN_ENUM_CONVERSION = YES;
				CLANG_WARN_INT_CONVERSION = YES;
				CLANG_WARN_OBJC_ROOT_CLASS = YES_ERROR;
				CLANG_WARN_UNREACHABLE_CODE = YES;
				CLANG_WARN__DUPLICATE_METHOD_MATCH = YES;
				"CODE_SIGN_IDENTITY[sdk=iphoneos*]" = "iPhone Developer";
				COPY_PHASE_STRIP = NO;
				DEBUG_INFORMATION_FORMAT = "dwarf-with-dsym";
				ENABLE_NS_ASSERTIONS = NO;
				ENABLE_STRICT_OBJC_MSGSEND = YES;
				GCC_C_LANGUAGE_STANDARD = gnu99;
				GCC_NO_COMMON_BLOCKS = YES;
				GCC_WARN_64_TO_32_BIT_CONVERSION = YES;
				GCC_WARN_ABOUT_RETURN_TYPE = YES_ERROR;
				GCC_WARN_UNDECLARED_SELECTOR = YES;
				GCC_WARN_UNINITIALIZED_AUTOS = YES_AGGRESSIVE;
				GCC_WARN_UNUSED_FUNCTION = YES;
				GCC_WARN_UNUSED_VARIABLE = YES;
				IPHONEOS_DEPLOYMENT_TARGET = 9.1;
				MTL_ENABLE_DEBUG_INFO = NO;
				SDKROOT = iphoneos;
				VALIDATE_PRODUCT = YES;
			};
			name = Release;
		};
		B035B2EB1BE2B76100DDD0E3 /* Debug */ = {
			isa = XCBuildConfiguration;
			buildSettings = {
				ASSETCATALOG_COMPILER_APPICON_NAME = AppIcon;
				INFOPLIST_FILE = "MemeMe v1.0/Info.plist";
				IPHONEOS_DEPLOYMENT_TARGET = 8.3;
				LD_RUNPATH_SEARCH_PATHS = "$(inherited) @executable_path/Frameworks";
				PRODUCT_BUNDLE_IDENTIFIER = "com.one9two.MemeMe-v1-0";
				PRODUCT_NAME = "$(TARGET_NAME)";
			};
			name = Debug;
		};
		B035B2EC1BE2B76100DDD0E3 /* Release */ = {
			isa = XCBuildConfiguration;
			buildSettings = {
				ASSETCATALOG_COMPILER_APPICON_NAME = AppIcon;
				INFOPLIST_FILE = "MemeMe v1.0/Info.plist";
				IPHONEOS_DEPLOYMENT_TARGET = 8.3;
				LD_RUNPATH_SEARCH_PATHS = "$(inherited) @executable_path/Frameworks";
				PRODUCT_BUNDLE_IDENTIFIER = "com.one9two.MemeMe-v1-0";
				PRODUCT_NAME = "$(TARGET_NAME)";
			};
			name = Release;
		};
		B035B2EE1BE2B76100DDD0E3 /* Debug */ = {
			isa = XCBuildConfiguration;
			buildSettings = {
				BUNDLE_LOADER = "$(TEST_HOST)";
				INFOPLIST_FILE = "MemeMe v1.0Tests/Info.plist";
				LD_RUNPATH_SEARCH_PATHS = "$(inherited) @executable_path/Frameworks @loader_path/Frameworks";
				PRODUCT_BUNDLE_IDENTIFIER = "com.one9two.MemeMe-v1-0Tests";
				PRODUCT_NAME = "$(TARGET_NAME)";
				TEST_HOST = "$(BUILT_PRODUCTS_DIR)/MemeMe v1.0.app/MemeMe v1.0";
			};
			name = Debug;
		};
		B035B2EF1BE2B76100DDD0E3 /* Release */ = {
			isa = XCBuildConfiguration;
			buildSettings = {
				BUNDLE_LOADER = "$(TEST_HOST)";
				INFOPLIST_FILE = "MemeMe v1.0Tests/Info.plist";
				LD_RUNPATH_SEARCH_PATHS = "$(inherited) @executable_path/Frameworks @loader_path/Frameworks";
				PRODUCT_BUNDLE_IDENTIFIER = "com.one9two.MemeMe-v1-0Tests";
				PRODUCT_NAME = "$(TARGET_NAME)";
				TEST_HOST = "$(BUILT_PRODUCTS_DIR)/MemeMe v1.0.app/MemeMe v1.0";
			};
			name = Release;
		};
/* End XCBuildConfiguration section */

/* Begin XCConfigurationList section */
		B035B2C81BE2B76100DDD0E3 /* Build configuration list for PBXProject "MemeMe v1.0" */ = {
			isa = XCConfigurationList;
			buildConfigurations = (
				B035B2E81BE2B76100DDD0E3 /* Debug */,
				B035B2E91BE2B76100DDD0E3 /* Release */,
			);
			defaultConfigurationIsVisible = 0;
			defaultConfigurationName = Release;
		};
		B035B2EA1BE2B76100DDD0E3 /* Build configuration list for PBXNativeTarget "MemeMe v1.0" */ = {
			isa = XCConfigurationList;
			buildConfigurations = (
				B035B2EB1BE2B76100DDD0E3 /* Debug */,
				B035B2EC1BE2B76100DDD0E3 /* Release */,
			);
			defaultConfigurationIsVisible = 0;
			defaultConfigurationName = Release;
		};
		B035B2ED1BE2B76100DDD0E3 /* Build configuration list for PBXNativeTarget "MemeMe v1.0Tests" */ = {
			isa = XCConfigurationList;
			buildConfigurations = (
				B035B2EE1BE2B76100DDD0E3 /* Debug */,
				B035B2EF1BE2B76100DDD0E3 /* Release */,
			);
			defaultConfigurationIsVisible = 0;
			defaultConfigurationName = Release;
		};
/* End XCConfigurationList section */
	};
	rootObject = B035B2C51BE2B76100DDD0E3 /* Project object */;
}
